
Microsoft Visual Studio Solution File, Format Version 12.00
# Visual Studio Version 17
VisualStudioVersion = 17.3.32825.248
MinimumVisualStudioVersion = 10.0.40219.1
Project("{FAE04EC0-301F-11D3-BF4B-00C04F79EFBC}") = "Ivan1", "Ivan1\Ivan1.csproj", "{6E80B747-CC1C-41CB-A4C1-8DBC4888D207}"
EndProject
Global
	GlobalSection(SolutionConfigurationPlatforms) = preSolution
		Debug|Any CPU = Debug|Any CPU
		Release|Any CPU = Release|Any CPU
	EndGlobalSection
	GlobalSection(ProjectConfigurationPlatforms) = postSolution
		{6E80B747-CC1C-41CB-A4C1-8DBC4888D207}.Debug|Any CPU.ActiveCfg = Debug|Any CPU
		{6E80B747-CC1C-41CB-A4C1-8DBC4888D207}.Debug|Any CPU.Build.0 = Debug|Any CPU
		{6E80B747-CC1C-41CB-A4C1-8DBC4888D207}.Release|Any CPU.ActiveCfg = Release|Any CPU
		{6E80B747-CC1C-41CB-A4C1-8DBC4888D207}.Release|Any CPU.Build.0 = Release|Any CPU
	EndGlobalSection
	GlobalSection(SolutionProperties) = preSolution
		HideSolutionNode = FALSE
	EndGlobalSection
	GlobalSection(ExtensibilityGlobals) = postSolution
		SolutionGuid = {12A66862-C63D-4EA7-AF46-1B69D8E7CE55}
	EndGlobalSection
EndGlobal
